
Microsoft Visual Studio Solution File, Format Version 12.00
# Visual Studio Version 17
VisualStudioVersion = 17.8.34511.84
MinimumVisualStudioVersion = 10.0.40219.1
Project("{FAE04EC0-301F-11D3-BF4B-00C04F79EFBC}") = "Lab2.UWP", "Lab2.UWP\Lab2.UWP.csproj", "{847D94D3-BEEE-4D8A-9AEE-304A1D609F0A}"
EndProject
Project("{FAE04EC0-301F-11D3-BF4B-00C04F79EFBC}") = "Lab2.Android", "Lab2.Android\Lab2.Android.csproj", "{28246821-74F6-461F-BB63-9B2FE24F3CE3}"
EndProject
Project("{FAE04EC0-301F-11D3-BF4B-00C04F79EFBC}") = "Lab2.iOS", "Lab2.iOS\Lab2.iOS.csproj", "{1E918CFE-58D1-48D0-AF44-DEA2BA18FBDA}"
EndProject
Project("{FAE04EC0-301F-11D3-BF4B-00C04F79EFBC}") = "Lab2", "Lab2\Lab2.csproj", "{CFA5B6F0-2310-4904-BC0C-CC9C4DC52FFF}"
EndProject
Global
	GlobalSection(SolutionConfigurationPlatforms) = preSolution
		Debug|Any CPU = Debug|Any CPU
		Debug|ARM = Debug|ARM
		Debug|iPhone = Debug|iPhone
		Debug|iPhoneSimulator = Debug|iPhoneSimulator
		Debug|x64 = Debug|x64
		Debug|x86 = Debug|x86
		Release|Any CPU = Release|Any CPU
		Release|ARM = Release|ARM
		Release|iPhone = Release|iPhone
		Release|iPhoneSimulator = Release|iPhoneSimulator
		Release|x64 = Release|x64
		Release|x86 = Release|x86
	EndGlobalSection
	GlobalSection(ProjectConfigurationPlatforms) = postSolution
		{847D94D3-BEEE-4D8A-9AEE-304A1D609F0A}.Debug|Any CPU.ActiveCfg = Debug|x64
		{847D94D3-BEEE-4D8A-9AEE-304A1D609F0A}.Debug|ARM.ActiveCfg = Debug|ARM
		{847D94D3-BEEE-4D8A-9AEE-304A1D609F0A}.Debug|ARM.Build.0 = Debug|ARM
		{847D94D3-BEEE-4D8A-9AEE-304A1D609F0A}.Debug|ARM.Deploy.0 = Debug|ARM
		{847D94D3-BEEE-4D8A-9AEE-304A1D609F0A}.Debug|iPhone.ActiveCfg = Debug|x64
		{847D94D3-BEEE-4D8A-9AEE-304A1D609F0A}.Debug|iPhoneSimulator.ActiveCfg = Debug|x64
		{847D94D3-BEEE-4D8A-9AEE-304A1D609F0A}.Debug|x64.ActiveCfg = Debug|x64
		{847D94D3-BEEE-4D8A-9AEE-304A1D609F0A}.Debug|x64.Build.0 = Debug|x64
		{847D94D3-BEEE-4D8A-9AEE-304A1D609F0A}.Debug|x64.Deploy.0 = Debug|x64
		{847D94D3-BEEE-4D8A-9AEE-304A1D609F0A}.Debug|x86.ActiveCfg = Debug|x86
		{847D94D3-BEEE-4D8A-9AEE-304A1D609F0A}.Debug|x86.Build.0 = Debug|x86
		{847D94D3-BEEE-4D8A-9AEE-304A1D609F0A}.Debug|x86.Deploy.0 = Debug|x86
		{847D94D3-BEEE-4D8A-9AEE-304A1D609F0A}.Release|Any CPU.ActiveCfg = Release|x64
		{847D94D3-BEEE-4D8A-9AEE-304A1D609F0A}.Release|ARM.ActiveCfg = Release|ARM
		{847D94D3-BEEE-4D8A-9AEE-304A1D609F0A}.Release|ARM.Build.0 = Release|ARM
		{847D94D3-BEEE-4D8A-9AEE-304A1D609F0A}.Release|ARM.Deploy.0 = Release|ARM
		{847D94D3-BEEE-4D8A-9AEE-304A1D609F0A}.Release|iPhone.ActiveCfg = Release|x64
		{847D94D3-BEEE-4D8A-9AEE-304A1D609F0A}.Release|iPhoneSimulator.ActiveCfg = Release|x64
		{847D94D3-BEEE-4D8A-9AEE-304A1D609F0A}.Release|x64.ActiveCfg = Release|x64
		{847D94D3-BEEE-4D8A-9AEE-304A1D609F0A}.Release|x64.Build.0 = Release|x64
		{847D94D3-BEEE-4D8A-9AEE-304A1D609F0A}.Release|x64.Deploy.0 = Release|x64
		{847D94D3-BEEE-4D8A-9AEE-304A1D609F0A}.Release|x86.ActiveCfg = Release|x86
		{847D94D3-BEEE-4D8A-9AEE-304A1D609F0A}.Release|x86.Build.0 = Release|x86
		{847D94D3-BEEE-4D8A-9AEE-304A1D609F0A}.Release|x86.Deploy.0 = Release|x86
		{28246821-74F6-461F-BB63-9B2FE24F3CE3}.Debug|Any CPU.ActiveCfg = Debug|Any CPU
		{28246821-74F6-461F-BB63-9B2FE24F3CE3}.Debug|Any CPU.Build.0 = Debug|Any CPU
		{28246821-74F6-461F-BB63-9B2FE24F3CE3}.Debug|Any CPU.Deploy.0 = Debug|Any CPU
		{28246821-74F6-461F-BB63-9B2FE24F3CE3}.Debug|ARM.ActiveCfg = Debug|Any CPU
		{28246821-74F6-461F-BB63-9B2FE24F3CE3}.Debug|ARM.Build.0 = Debug|Any CPU
		{28246821-74F6-461F-BB63-9B2FE24F3CE3}.Debug|ARM.Deploy.0 = Debug|Any CPU
		{28246821-74F6-461F-BB63-9B2FE24F3CE3}.Debug|iPhone.ActiveCfg = Debug|Any CPU
		{28246821-74F6-461F-BB63-9B2FE24F3CE3}.Debug|iPhone.Build.0 = Debug|Any CPU
		{28246821-74F6-461F-BB63-9B2FE24F3CE3}.Debug|iPhone.Deploy.0 = Debug|Any CPU
		{28246821-74F6-461F-BB63-9B2FE24F3CE3}.Debug|iPhoneSimulator.ActiveCfg = Debug|Any CPU
		{28246821-74F6-461F-BB63-9B2FE24F3CE3}.Debug|iPhoneSimulator.Build.0 = Debug|Any CPU
		{28246821-74F6-461F-BB63-9B2FE24F3CE3}.Debug|iPhoneSimulator.Deploy.0 = Debug|Any CPU
		{28246821-74F6-461F-BB63-9B2FE24F3CE3}.Debug|x64.ActiveCfg = Debug|Any CPU
		{28246821-74F6-461F-BB63-9B2FE24F3CE3}.Debug|x64.Build.0 = Debug|Any CPU
		{28246821-74F6-461F-BB63-9B2FE24F3CE3}.Debug|x64.Deploy.0 = Debug|Any CPU
		{28246821-74F6-461F-BB63-9B2FE24F3CE3}.Debug|x86.ActiveCfg = Debug|Any CPU
		{28246821-74F6-461F-BB63-9B2FE24F3CE3}.Debug|x86.Build.0 = Debug|Any CPU
		{28246821-74F6-461F-BB63-9B2FE24F3CE3}.Debug|x86.Deploy.0 = Debug|Any CPU
		{28246821-74F6-461F-BB63-9B2FE24F3CE3}.Release|Any CPU.ActiveCfg = Release|Any CPU
		{28246821-74F6-461F-BB63-9B2FE24F3CE3}.Release|Any CPU.Build.0 = Release|Any CPU
		{28246821-74F6-461F-BB63-9B2FE24F3CE3}.Release|Any CPU.Deploy.0 = Release|Any CPU
		{28246821-74F6-461F-BB63-9B2FE24F3CE3}.Release|ARM.ActiveCfg = Release|Any CPU
		{28246821-74F6-461F-BB63-9B2FE24F3CE3}.Release|ARM.Build.0 = Release|Any CPU
		{28246821-74F6-461F-BB63-9B2FE24F3CE3}.Release|ARM.Deploy.0 = Release|Any CPU
		{28246821-74F6-461F-BB63-9B2FE24F3CE3}.Release|iPhone.ActiveCfg = Release|Any CPU
		{28246821-74F6-461F-BB63-9B2FE24F3CE3}.Release|iPhone.Build.0 = Release|Any CPU
		{28246821-74F6-461F-BB63-9B2FE24F3CE3}.Release|iPhone.Deploy.0 = Release|Any CPU
		{28246821-74F6-461F-BB63-9B2FE24F3CE3}.Release|iPhoneSimulator.ActiveCfg = Release|Any CPU
		{28246821-74F6-461F-BB63-9B2FE24F3CE3}.Release|iPhoneSimulator.Build.0 = Release|Any CPU
		{28246821-74F6-461F-BB63-9B2FE24F3CE3}.Release|iPhoneSimulator.Deploy.0 = Release|Any CPU
		{28246821-74F6-461F-BB63-9B2FE24F3CE3}.Release|x64.ActiveCfg = Release|Any CPU
		{28246821-74F6-461F-BB63-9B2FE24F3CE3}.Release|x64.Build.0 = Release|Any CPU
		{28246821-74F6-461F-BB63-9B2FE24F3CE3}.Release|x64.Deploy.0 = Release|Any CPU
		{28246821-74F6-461F-BB63-9B2FE24F3CE3}.Release|x86.ActiveCfg = Release|Any CPU
		{28246821-74F6-461F-BB63-9B2FE24F3CE3}.Release|x86.Build.0 = Release|Any CPU
		{28246821-74F6-461F-BB63-9B2FE24F3CE3}.Release|x86.Deploy.0 = Release|Any CPU
		{1E918CFE-58D1-48D0-AF44-DEA2BA18FBDA}.Debug|Any CPU.ActiveCfg = Debug|iPhoneSimulator
		{1E918CFE-58D1-48D0-AF44-DEA2BA18FBDA}.Debug|Any CPU.Build.0 = Debug|iPhoneSimulator
		{1E918CFE-58D1-48D0-AF44-DEA2BA18FBDA}.Debug|Any CPU.Deploy.0 = Debug|iPhoneSimulator
		{1E918CFE-58D1-48D0-AF44-DEA2BA18FBDA}.Debug|ARM.ActiveCfg = Debug|iPhoneSimulator
		{1E918CFE-58D1-48D0-AF44-DEA2BA18FBDA}.Debug|ARM.Build.0 = Debug|iPhoneSimulator
		{1E918CFE-58D1-48D0-AF44-DEA2BA18FBDA}.Debug|ARM.Deploy.0 = Debug|iPhoneSimulator
		{1E918CFE-58D1-48D0-AF44-DEA2BA18FBDA}.Debug|iPhone.ActiveCfg = Debug|iPhone
		{1E918CFE-58D1-48D0-AF44-DEA2BA18FBDA}.Debug|iPhone.Build.0 = Debug|iPhone
		{1E918CFE-58D1-48D0-AF44-DEA2BA18FBDA}.Debug|iPhone.Deploy.0 = Debug|iPhone
		{1E918CFE-58D1-48D0-AF44-DEA2BA18FBDA}.Debug|iPhoneSimulator.ActiveCfg = Debug|iPhoneSimulator
		{1E918CFE-58D1-48D0-AF44-DEA2BA18FBDA}.Debug|iPhoneSimulator.Build.0 = Debug|iPhoneSimulator
		{1E918CFE-58D1-48D0-AF44-DEA2BA18FBDA}.Debug|iPhoneSimulator.Deploy.0 = Debug|iPhoneSimulator
		{1E918CFE-58D1-48D0-AF44-DEA2BA18FBDA}.Debug|x64.ActiveCfg = Debug|iPhone
		{1E918CFE-58D1-48D0-AF44-DEA2BA18FBDA}.Debug|x64.Build.0 = Debug|iPhone
		{1E918CFE-58D1-48D0-AF44-DEA2BA18FBDA}.Debug|x64.Deploy.0 = Debug|iPhone
		{1E918CFE-58D1-48D0-AF44-DEA2BA18FBDA}.Debug|x86.ActiveCfg = Debug|iPhoneSimulator
		{1E918CFE-58D1-48D0-AF44-DEA2BA18FBDA}.Debug|x86.Build.0 = Debug|iPhoneSimulator
		{1E918CFE-58D1-48D0-AF44-DEA2BA18FBDA}.Debug|x86.Deploy.0 = Debug|iPhoneSimulator
		{1E918CFE-58D1-48D0-AF44-DEA2BA18FBDA}.Release|Any CPU.ActiveCfg = Release|iPhoneSimulator
		{1E918CFE-58D1-48D0-AF44-DEA2BA18FBDA}.Release|Any CPU.Build.0 = Release|iPhoneSimulator
		{1E918CFE-58D1-48D0-AF44-DEA2BA18FBDA}.Release|Any CPU.Deploy.0 = Release|iPhoneSimulator
		{1E918CFE-58D1-48D0-AF44-DEA2BA18FBDA}.Release|ARM.ActiveCfg = Release|iPhoneSimulator
		{1E918CFE-58D1-48D0-AF44-DEA2BA18FBDA}.Release|ARM.Build.0 = Release|iPhoneSimulator
		{1E918CFE-58D1-48D0-AF44-DEA2BA18FBDA}.Release|ARM.Deploy.0 = Release|iPhoneSimulator
		{1E918CFE-58D1-48D0-AF44-DEA2BA18FBDA}.Release|iPhone.ActiveCfg = Release|iPhone
		{1E918CFE-58D1-48D0-AF44-DEA2BA18FBDA}.Release|iPhone.Build.0 = Release|iPhone
		{1E918CFE-58D1-48D0-AF44-DEA2BA18FBDA}.Release|iPhone.Deploy.0 = Release|iPhone
		{1E918CFE-58D1-48D0-AF44-DEA2BA18FBDA}.Release|iPhoneSimulator.ActiveCfg = Release|iPhoneSimulator
		{1E918CFE-58D1-48D0-AF44-DEA2BA18FBDA}.Release|iPhoneSimulator.Build.0 = Release|iPhoneSimulator
		{1E918CFE-58D1-48D0-AF44-DEA2BA18FBDA}.Release|iPhoneSimulator.Deploy.0 = Release|iPhoneSimulator
		{1E918CFE-58D1-48D0-AF44-DEA2BA18FBDA}.Release|x64.ActiveCfg = Release|iPhoneSimulator
		{1E918CFE-58D1-48D0-AF44-DEA2BA18FBDA}.Release|x64.Build.0 = Release|iPhoneSimulator
		{1E918CFE-58D1-48D0-AF44-DEA2BA18FBDA}.Release|x64.Deploy.0 = Release|iPhoneSimulator
		{1E918CFE-58D1-48D0-AF44-DEA2BA18FBDA}.Release|x86.ActiveCfg = Release|iPhoneSimulator
		{1E918CFE-58D1-48D0-AF44-DEA2BA18FBDA}.Release|x86.Build.0 = Release|iPhoneSimulator
		{1E918CFE-58D1-48D0-AF44-DEA2BA18FBDA}.Release|x86.Deploy.0 = Release|iPhoneSimulator
		{CFA5B6F0-2310-4904-BC0C-CC9C4DC52FFF}.Debug|Any CPU.ActiveCfg = Debug|Any CPU
		{CFA5B6F0-2310-4904-BC0C-CC9C4DC52FFF}.Debug|Any CPU.Build.0 = Debug|Any CPU
		{CFA5B6F0-2310-4904-BC0C-CC9C4DC52FFF}.Debug|Any CPU.Deploy.0 = Debug|Any CPU
		{CFA5B6F0-2310-4904-BC0C-CC9C4DC52FFF}.Debug|ARM.ActiveCfg = Debug|Any CPU
		{CFA5B6F0-2310-4904-BC0C-CC9C4DC52FFF}.Debug|ARM.Build.0 = Debug|Any CPU
		{CFA5B6F0-2310-4904-BC0C-CC9C4DC52FFF}.Debug|ARM.Deploy.0 = Debug|Any CPU
		{CFA5B6F0-2310-4904-BC0C-CC9C4DC52FFF}.Debug|iPhone.ActiveCfg = Debug|Any CPU
		{CFA5B6F0-2310-4904-BC0C-CC9C4DC52FFF}.Debug|iPhone.Build.0 = Debug|Any CPU
		{CFA5B6F0-2310-4904-BC0C-CC9C4DC52FFF}.Debug|iPhone.Deploy.0 = Debug|Any CPU
		{CFA5B6F0-2310-4904-BC0C-CC9C4DC52FFF}.Debug|iPhoneSimulator.ActiveCfg = Debug|Any CPU
		{CFA5B6F0-2310-4904-BC0C-CC9C4DC52FFF}.Debug|iPhoneSimulator.Build.0 = Debug|Any CPU
		{CFA5B6F0-2310-4904-BC0C-CC9C4DC52FFF}.Debug|iPhoneSimulator.Deploy.0 = Debug|Any CPU
		{CFA5B6F0-2310-4904-BC0C-CC9C4DC52FFF}.Debug|x64.ActiveCfg = Debug|Any CPU
		{CFA5B6F0-2310-4904-BC0C-CC9C4DC52FFF}.Debug|x64.Build.0 = Debug|Any CPU
		{CFA5B6F0-2310-4904-BC0C-CC9C4DC52FFF}.Debug|x64.Deploy.0 = Debug|Any CPU
		{CFA5B6F0-2310-4904-BC0C-CC9C4DC52FFF}.Debug|x86.ActiveCfg = Debug|Any CPU
		{CFA5B6F0-2310-4904-BC0C-CC9C4DC52FFF}.Debug|x86.Build.0 = Debug|Any CPU
		{CFA5B6F0-2310-4904-BC0C-CC9C4DC52FFF}.Debug|x86.Deploy.0 = Debug|Any CPU
		{CFA5B6F0-2310-4904-BC0C-CC9C4DC52FFF}.Release|Any CPU.ActiveCfg = Release|Any CPU
		{CFA5B6F0-2310-4904-BC0C-CC9C4DC52FFF}.Release|Any CPU.Build.0 = Release|Any CPU
		{CFA5B6F0-2310-4904-BC0C-CC9C4DC52FFF}.Release|Any CPU.Deploy.0 = Release|Any CPU
		{CFA5B6F0-2310-4904-BC0C-CC9C4DC52FFF}.Release|ARM.ActiveCfg = Release|Any CPU
		{CFA5B6F0-2310-4904-BC0C-CC9C4DC52FFF}.Release|ARM.Build.0 = Release|Any CPU
		{CFA5B6F0-2310-4904-BC0C-CC9C4DC52FFF}.Release|ARM.Deploy.0 = Release|Any CPU
		{CFA5B6F0-2310-4904-BC0C-CC9C4DC52FFF}.Release|iPhone.ActiveCfg = Release|Any CPU
		{CFA5B6F0-2310-4904-BC0C-CC9C4DC52FFF}.Release|iPhone.Build.0 = Release|Any CPU
		{CFA5B6F0-2310-4904-BC0C-CC9C4DC52FFF}.Release|iPhone.Deploy.0 = Release|Any CPU
		{CFA5B6F0-2310-4904-BC0C-CC9C4DC52FFF}.Release|iPhoneSimulator.ActiveCfg = Release|Any CPU
		{CFA5B6F0-2310-4904-BC0C-CC9C4DC52FFF}.Release|iPhoneSimulator.Build.0 = Release|Any CPU
		{CFA5B6F0-2310-4904-BC0C-CC9C4DC52FFF}.Release|iPhoneSimulator.Deploy.0 = Release|Any CPU
		{CFA5B6F0-2310-4904-BC0C-CC9C4DC52FFF}.Release|x64.ActiveCfg = Release|Any CPU
		{CFA5B6F0-2310-4904-BC0C-CC9C4DC52FFF}.Release|x64.Build.0 = Release|Any CPU
		{CFA5B6F0-2310-4904-BC0C-CC9C4DC52FFF}.Release|x64.Deploy.0 = Release|Any CPU
		{CFA5B6F0-2310-4904-BC0C-CC9C4DC52FFF}.Release|x86.ActiveCfg = Release|Any CPU
		{CFA5B6F0-2310-4904-BC0C-CC9C4DC52FFF}.Release|x86.Build.0 = Release|Any CPU
		{CFA5B6F0-2310-4904-BC0C-CC9C4DC52FFF}.Release|x86.Deploy.0 = Release|Any CPU
	EndGlobalSection
	GlobalSection(SolutionProperties) = preSolution
		HideSolutionNode = FALSE
	EndGlobalSection
	GlobalSection(ExtensibilityGlobals) = postSolution
		SolutionGuid = {DB201405-7509-4368-B108-26269CDDFA53}
	EndGlobalSection
EndGlobal
