
Microsoft Visual Studio Solution File, Format Version 12.00
# Visual Studio Version 17
VisualStudioVersion = 17.7.34024.191
MinimumVisualStudioVersion = 10.0.40219.1
Project("{FAE04EC0-301F-11D3-BF4B-00C04F79EFBC}") = "assignmentcpd.Android", "assignmentcpd.Android\assignmentcpd.Android.csproj", "{06158BEE-165B-418C-8964-CAC97E7F9856}"
EndProject
Project("{FAE04EC0-301F-11D3-BF4B-00C04F79EFBC}") = "assignmentcpd.iOS", "assignmentcpd.iOS\assignmentcpd.iOS.csproj", "{C43DF072-C21D-4DA4-A791-9A2F9AC45767}"
EndProject
Project("{FAE04EC0-301F-11D3-BF4B-00C04F79EFBC}") = "assignmentcpd", "assignmentcpd\assignmentcpd.csproj", "{5DDA3D85-0466-4E96-BF10-7C6134D3E398}"
EndProject
Global
	GlobalSection(SolutionConfigurationPlatforms) = preSolution
		Debug|Any CPU = Debug|Any CPU
		Debug|iPhone = Debug|iPhone
		Debug|iPhoneSimulator = Debug|iPhoneSimulator
		Release|Any CPU = Release|Any CPU
		Release|iPhone = Release|iPhone
		Release|iPhoneSimulator = Release|iPhoneSimulator
	EndGlobalSection
	GlobalSection(ProjectConfigurationPlatforms) = postSolution
		{06158BEE-165B-418C-8964-CAC97E7F9856}.Debug|Any CPU.ActiveCfg = Debug|Any CPU
		{06158BEE-165B-418C-8964-CAC97E7F9856}.Debug|Any CPU.Build.0 = Debug|Any CPU
		{06158BEE-165B-418C-8964-CAC97E7F9856}.Debug|Any CPU.Deploy.0 = Debug|Any CPU
		{06158BEE-165B-418C-8964-CAC97E7F9856}.Debug|iPhone.ActiveCfg = Debug|Any CPU
		{06158BEE-165B-418C-8964-CAC97E7F9856}.Debug|iPhone.Build.0 = Debug|Any CPU
		{06158BEE-165B-418C-8964-CAC97E7F9856}.Debug|iPhone.Deploy.0 = Debug|Any CPU
		{06158BEE-165B-418C-8964-CAC97E7F9856}.Debug|iPhoneSimulator.ActiveCfg = Debug|Any CPU
		{06158BEE-165B-418C-8964-CAC97E7F9856}.Debug|iPhoneSimulator.Build.0 = Debug|Any CPU
		{06158BEE-165B-418C-8964-CAC97E7F9856}.Debug|iPhoneSimulator.Deploy.0 = Debug|Any CPU
		{06158BEE-165B-418C-8964-CAC97E7F9856}.Release|Any CPU.ActiveCfg = Release|Any CPU
		{06158BEE-165B-418C-8964-CAC97E7F9856}.Release|Any CPU.Build.0 = Release|Any CPU
		{06158BEE-165B-418C-8964-CAC97E7F9856}.Release|Any CPU.Deploy.0 = Release|Any CPU
		{06158BEE-165B-418C-8964-CAC97E7F9856}.Release|iPhone.ActiveCfg = Release|Any CPU
		{06158BEE-165B-418C-8964-CAC97E7F9856}.Release|iPhone.Build.0 = Release|Any CPU
		{06158BEE-165B-418C-8964-CAC97E7F9856}.Release|iPhone.Deploy.0 = Release|Any CPU
		{06158BEE-165B-418C-8964-CAC97E7F9856}.Release|iPhoneSimulator.ActiveCfg = Release|Any CPU
		{06158BEE-165B-418C-8964-CAC97E7F9856}.Release|iPhoneSimulator.Build.0 = Release|Any CPU
		{06158BEE-165B-418C-8964-CAC97E7F9856}.Release|iPhoneSimulator.Deploy.0 = Release|Any CPU
		{C43DF072-C21D-4DA4-A791-9A2F9AC45767}.Debug|Any CPU.ActiveCfg = Debug|iPhone
		{C43DF072-C21D-4DA4-A791-9A2F9AC45767}.Debug|Any CPU.Build.0 = Debug|iPhone
		{C43DF072-C21D-4DA4-A791-9A2F9AC45767}.Debug|Any CPU.Deploy.0 = Debug|iPhone
		{C43DF072-C21D-4DA4-A791-9A2F9AC45767}.Debug|iPhone.ActiveCfg = Debug|iPhone
		{C43DF072-C21D-4DA4-A791-9A2F9AC45767}.Debug|iPhone.Build.0 = Debug|iPhone
		{C43DF072-C21D-4DA4-A791-9A2F9AC45767}.Debug|iPhone.Deploy.0 = Debug|iPhone
		{C43DF072-C21D-4DA4-A791-9A2F9AC45767}.Debug|iPhoneSimulator.ActiveCfg = Debug|iPhoneSimulator
		{C43DF072-C21D-4DA4-A791-9A2F9AC45767}.Debug|iPhoneSimulator.Build.0 = Debug|iPhoneSimulator
		{C43DF072-C21D-4DA4-A791-9A2F9AC45767}.Debug|iPhoneSimulator.Deploy.0 = Debug|iPhoneSimulator
		{C43DF072-C21D-4DA4-A791-9A2F9AC45767}.Release|Any CPU.ActiveCfg = Release|iPhoneSimulator
		{C43DF072-C21D-4DA4-A791-9A2F9AC45767}.Release|Any CPU.Build.0 = Release|iPhoneSimulator
		{C43DF072-C21D-4DA4-A791-9A2F9AC45767}.Release|Any CPU.Deploy.0 = Release|iPhoneSimulator
		{C43DF072-C21D-4DA4-A791-9A2F9AC45767}.Release|iPhone.ActiveCfg = Release|iPhone
		{C43DF072-C21D-4DA4-A791-9A2F9AC45767}.Release|iPhone.Build.0 = Release|iPhone
		{C43DF072-C21D-4DA4-A791-9A2F9AC45767}.Release|iPhone.Deploy.0 = Release|iPhone
		{C43DF072-C21D-4DA4-A791-9A2F9AC45767}.Release|iPhoneSimulator.ActiveCfg = Release|iPhoneSimulator
		{C43DF072-C21D-4DA4-A791-9A2F9AC45767}.Release|iPhoneSimulator.Build.0 = Release|iPhoneSimulator
		{C43DF072-C21D-4DA4-A791-9A2F9AC45767}.Release|iPhoneSimulator.Deploy.0 = Release|iPhoneSimulator
		{5DDA3D85-0466-4E96-BF10-7C6134D3E398}.Debug|Any CPU.ActiveCfg = Debug|Any CPU
		{5DDA3D85-0466-4E96-BF10-7C6134D3E398}.Debug|Any CPU.Build.0 = Debug|Any CPU
		{5DDA3D85-0466-4E96-BF10-7C6134D3E398}.Debug|Any CPU.Deploy.0 = Debug|Any CPU
		{5DDA3D85-0466-4E96-BF10-7C6134D3E398}.Debug|iPhone.ActiveCfg = Debug|Any CPU
		{5DDA3D85-0466-4E96-BF10-7C6134D3E398}.Debug|iPhone.Build.0 = Debug|Any CPU
		{5DDA3D85-0466-4E96-BF10-7C6134D3E398}.Debug|iPhone.Deploy.0 = Debug|Any CPU
		{5DDA3D85-0466-4E96-BF10-7C6134D3E398}.Debug|iPhoneSimulator.ActiveCfg = Debug|Any CPU
		{5DDA3D85-0466-4E96-BF10-7C6134D3E398}.Debug|iPhoneSimulator.Build.0 = Debug|Any CPU
		{5DDA3D85-0466-4E96-BF10-7C6134D3E398}.Debug|iPhoneSimulator.Deploy.0 = Debug|Any CPU
		{5DDA3D85-0466-4E96-BF10-7C6134D3E398}.Release|Any CPU.ActiveCfg = Release|Any CPU
		{5DDA3D85-0466-4E96-BF10-7C6134D3E398}.Release|Any CPU.Build.0 = Release|Any CPU
		{5DDA3D85-0466-4E96-BF10-7C6134D3E398}.Release|Any CPU.Deploy.0 = Release|Any CPU
		{5DDA3D85-0466-4E96-BF10-7C6134D3E398}.Release|iPhone.ActiveCfg = Release|Any CPU
		{5DDA3D85-0466-4E96-BF10-7C6134D3E398}.Release|iPhone.Build.0 = Release|Any CPU
		{5DDA3D85-0466-4E96-BF10-7C6134D3E398}.Release|iPhone.Deploy.0 = Release|Any CPU
		{5DDA3D85-0466-4E96-BF10-7C6134D3E398}.Release|iPhoneSimulator.ActiveCfg = Release|Any CPU
		{5DDA3D85-0466-4E96-BF10-7C6134D3E398}.Release|iPhoneSimulator.Build.0 = Release|Any CPU
		{5DDA3D85-0466-4E96-BF10-7C6134D3E398}.Release|iPhoneSimulator.Deploy.0 = Release|Any CPU
	EndGlobalSection
	GlobalSection(SolutionProperties) = preSolution
		HideSolutionNode = FALSE
	EndGlobalSection
	GlobalSection(ExtensibilityGlobals) = postSolution
		SolutionGuid = {10A53A05-BB82-46D2-BB1E-CFCD6A906861}
	EndGlobalSection
EndGlobal
